
Microsoft Visual Studio Solution File, Format Version 12.00
# Visual Studio Version 17
VisualStudioVersion = 17.13.36105.23 d17.13
MinimumVisualStudioVersion = 10.0.40219.1
Project("{FAE04EC0-301F-11D3-BF4B-00C04F79EFBC}") = "store_products", "store_products\store_products.csproj", "{D04ED8CD-EEA7-40DB-AA26-BE999F189B43}"
EndProject
Global
	GlobalSection(SolutionConfigurationPlatforms) = preSolution
		Debug|Any CPU = Debug|Any CPU
		Release|Any CPU = Release|Any CPU
	EndGlobalSection
	GlobalSection(ProjectConfigurationPlatforms) = postSolution
		{D04ED8CD-EEA7-40DB-AA26-BE999F189B43}.Debug|Any CPU.ActiveCfg = Debug|Any CPU
		{D04ED8CD-EEA7-40DB-AA26-BE999F189B43}.Debug|Any CPU.Build.0 = Debug|Any CPU
		{D04ED8CD-EEA7-40DB-AA26-BE999F189B43}.Release|Any CPU.ActiveCfg = Release|Any CPU
		{D04ED8CD-EEA7-40DB-AA26-BE999F189B43}.Release|Any CPU.Build.0 = Release|Any CPU
	EndGlobalSection
	GlobalSection(SolutionProperties) = preSolution
		HideSolutionNode = FALSE
	EndGlobalSection
	GlobalSection(ExtensibilityGlobals) = postSolution
		SolutionGuid = {E5B5CC2E-DFFD-49F0-BC7F-F88EEE26E813}
	EndGlobalSection
EndGlobal
